{
  "requires": true,
  "lockfileVersion": 1,
  "dependencies": {
    "toolpic": {
      "version": "0.4.7",
      "resolved": "https://registry.npmjs.org/toolpic/-/toolpic-0.4.7.tgz",
      "integrity": "sha512-cECQ80J17iUjFma3EnkJnjKQu6rtPySHarpSncrpxT0+/pEiuXYZyStM5xpu5LfYMwetZvO1dhoeq+aAQztF7g==",
      "requires": {
        "vue": "^2.6.11"
      }
    },
    "vue": {
      "version": "2.6.11",
      "resolved": "https://registry.npmjs.org/vue/-/vue-2.6.11.tgz",
      "integrity": "sha512-VfPwgcGABbGAue9+sfrD4PuwFar7gPb1yl1UK1MwXoQPAw0BKSqWfoYCT/ThFrdEVWoI51dBuyCoiNU9bZDZxQ=="
    }
  }
}
